// !$*UTF8*$!
{
	archiveVersion = 1;
	classes = {
	};
	objectVersion = 46;
	objects = {

/* Begin PBXBuildFile section */
		575B05D11E0414F50098828A /* LaunchScreen.storyboard in Resources */ = {isa = PBXBuildFile; fileRef = 575B05CF1E0414F50098828A /* LaunchScreen.storyboard */; };
		575B05D71E041AD60098828A /* GoogleService-Info.plist in Resources */ = {isa = PBXBuildFile; fileRef = 575B05D61E041AD60098828A /* GoogleService-Info.plist */; };
		575B05DA1E041CA80098828A /* Main.storyboard in Resources */ = {isa = PBXBuildFile; fileRef = 575B05D81E041CA80098828A /* Main.storyboard */; };
		89E00891D3C20924EECCBC77 /* Pods_Botanito.framework in Frameworks */ = {isa = PBXBuildFile; fileRef = 8B8D0C22338AD81C8CF32E0D /* Pods_Botanito.framework */; };
		9715138A1E055F3200CEB39D /* FormulaQuestion.swift in Sources */ = {isa = PBXBuildFile; fileRef = 971513891E055F3200CEB39D /* FormulaQuestion.swift */; };
		975BE4DA1E0341EE006FA9EB /* Assets.xcassets in Resources */ = {isa = PBXBuildFile; fileRef = 975BE4CE1E0341EE006FA9EB /* Assets.xcassets */; };
		975BE4DB1E0341EE006FA9EB /* AppDelegate.swift in Sources */ = {isa = PBXBuildFile; fileRef = 975BE4D01E0341EE006FA9EB /* AppDelegate.swift */; };
		975BE4DE1E0341EE006FA9EB /* MainViewController.swift in Sources */ = {isa = PBXBuildFile; fileRef = 975BE4D61E0341EE006FA9EB /* MainViewController.swift */; };
		975BE4E31E034358006FA9EB /* GoogleKey in Resources */ = {isa = PBXBuildFile; fileRef = 975BE4E21E034358006FA9EB /* GoogleKey */; };
		976DE3871E072CC40061241E /* Challenge.swift in Sources */ = {isa = PBXBuildFile; fileRef = 976DE3861E072CC40061241E /* Challenge.swift */; };
		976DE38A1E073B140061241E /* UIImage+util.swift in Sources */ = {isa = PBXBuildFile; fileRef = 976DE3891E073B140061241E /* UIImage+util.swift */; };
		97C939971E055B1200876413 /* LaunchViewController.swift in Sources */ = {isa = PBXBuildFile; fileRef = 97C939961E055B1200876413 /* LaunchViewController.swift */; };
		97C939991E055CCB00876413 /* FormulaMenuViewController.swift in Sources */ = {isa = PBXBuildFile; fileRef = 97C939981E055CCB00876413 /* FormulaMenuViewController.swift */; };
		97FA12041E0438C000ED5493 /* MenuViewController.swift in Sources */ = {isa = PBXBuildFile; fileRef = 97FA12031E0438C000ED5493 /* MenuViewController.swift */; };
		97FA12081E043C1400ED5493 /* FormulaViewController.swift in Sources */ = {isa = PBXBuildFile; fileRef = 97FA12071E043C1400ED5493 /* FormulaViewController.swift */; };
		97FA120A1E04406500ED5493 /* BaseViewController.swift in Sources */ = {isa = PBXBuildFile; fileRef = 97FA12091E04406500ED5493 /* BaseViewController.swift */; };
		97FA120C1E04439700ED5493 /* ResultViewController.swift in Sources */ = {isa = PBXBuildFile; fileRef = 97FA120B1E04439700ED5493 /* ResultViewController.swift */; };
		97FA120E1E0446C000ED5493 /* LeaderboardViewController.swift in Sources */ = {isa = PBXBuildFile; fileRef = 97FA120D1E0446C000ED5493 /* LeaderboardViewController.swift */; };
		97FB00C21E0533EF00D2F4B3 /* DataManager.swift in Sources */ = {isa = PBXBuildFile; fileRef = 97FB00C11E0533EF00D2F4B3 /* DataManager.swift */; };
		97FB00C61E053A0700D2F4B3 /* Family.swift in Sources */ = {isa = PBXBuildFile; fileRef = 97FB00C51E053A0700D2F4B3 /* Family.swift */; };
/* End PBXBuildFile section */

/* Begin PBXFileReference section */
		38C12B3ECC5B7C15AE1501DD /* Pods-Botanito.debug.xcconfig */ = {isa = PBXFileReference; includeInIndex = 1; lastKnownFileType = text.xcconfig; name = "Pods-Botanito.debug.xcconfig"; path = "Pods/Target Support Files/Pods-Botanito/Pods-Botanito.debug.xcconfig"; sourceTree = "<group>"; };
		5178BD676CB0F8CCD05CD8FB /* Pods-Botanito.release.xcconfig */ = {isa = PBXFileReference; includeInIndex = 1; lastKnownFileType = text.xcconfig; name = "Pods-Botanito.release.xcconfig"; path = "Pods/Target Support Files/Pods-Botanito/Pods-Botanito.release.xcconfig"; sourceTree = "<group>"; };
		575B05D01E0414F50098828A /* Base */ = {isa = PBXFileReference; lastKnownFileType = file.storyboard; name = Base; path = Base.lproj/LaunchScreen.storyboard; sourceTree = "<group>"; };
		575B05D61E041AD60098828A /* GoogleService-Info.plist */ = {isa = PBXFileReference; fileEncoding = 4; lastKnownFileType = text.plist.xml; path = "GoogleService-Info.plist"; sourceTree = "<group>"; };
		575B05D91E041CA80098828A /* Base */ = {isa = PBXFileReference; lastKnownFileType = file.storyboard; name = Base; path = Base.lproj/Main.storyboard; sourceTree = "<group>"; };
		8B8D0C22338AD81C8CF32E0D /* Pods_Botanito.framework */ = {isa = PBXFileReference; explicitFileType = wrapper.framework; includeInIndex = 0; path = Pods_Botanito.framework; sourceTree = BUILT_PRODUCTS_DIR; };
		971513891E055F3200CEB39D /* FormulaQuestion.swift */ = {isa = PBXFileReference; fileEncoding = 4; lastKnownFileType = sourcecode.swift; path = FormulaQuestion.swift; sourceTree = "<group>"; };
		9758C71F1E0345AD00EF7864 /* Botanito.entitlements */ = {isa = PBXFileReference; lastKnownFileType = text.plist.entitlements; path = Botanito.entitlements; sourceTree = "<group>"; };
		975BE4CE1E0341EE006FA9EB /* Assets.xcassets */ = {isa = PBXFileReference; lastKnownFileType = folder.assetcatalog; path = Assets.xcassets; sourceTree = "<group>"; };
		975BE4D01E0341EE006FA9EB /* AppDelegate.swift */ = {isa = PBXFileReference; fileEncoding = 4; lastKnownFileType = sourcecode.swift; path = AppDelegate.swift; sourceTree = "<group>"; };
		975BE4D61E0341EE006FA9EB /* MainViewController.swift */ = {isa = PBXFileReference; fileEncoding = 4; lastKnownFileType = sourcecode.swift; path = MainViewController.swift; sourceTree = "<group>"; };
		975BE4D91E0341EE006FA9EB /* Info.plist */ = {isa = PBXFileReference; fileEncoding = 4; lastKnownFileType = text.plist.xml; path = Info.plist; sourceTree = "<group>"; };
		975BE4E21E034358006FA9EB /* GoogleKey */ = {isa = PBXFileReference; fileEncoding = 4; lastKnownFileType = text; path = GoogleKey; sourceTree = "<group>"; };
		976DE3861E072CC40061241E /* Challenge.swift */ = {isa = PBXFileReference; fileEncoding = 4; lastKnownFileType = sourcecode.swift; path = Challenge.swift; sourceTree = "<group>"; };
		976DE3891E073B140061241E /* UIImage+util.swift */ = {isa = PBXFileReference; fileEncoding = 4; lastKnownFileType = sourcecode.swift; path = "UIImage+util.swift"; sourceTree = "<group>"; };
		97C885F61E033CAE00B9C895 /* Botanito.app */ = {isa = PBXFileReference; explicitFileType = wrapper.application; includeInIndex = 0; path = Botanito.app; sourceTree = BUILT_PRODUCTS_DIR; };
		97C939961E055B1200876413 /* LaunchViewController.swift */ = {isa = PBXFileReference; fileEncoding = 4; lastKnownFileType = sourcecode.swift; path = LaunchViewController.swift; sourceTree = "<group>"; };
		97C939981E055CCB00876413 /* FormulaMenuViewController.swift */ = {isa = PBXFileReference; fileEncoding = 4; lastKnownFileType = sourcecode.swift; path = FormulaMenuViewController.swift; sourceTree = "<group>"; };
		97FA12031E0438C000ED5493 /* MenuViewController.swift */ = {isa = PBXFileReference; fileEncoding = 4; lastKnownFileType = sourcecode.swift; path = MenuViewController.swift; sourceTree = "<group>"; };
		97FA12071E043C1400ED5493 /* FormulaViewController.swift */ = {isa = PBXFileReference; fileEncoding = 4; lastKnownFileType = sourcecode.swift; path = FormulaViewController.swift; sourceTree = "<group>"; };
		97FA12091E04406500ED5493 /* BaseViewController.swift */ = {isa = PBXFileReference; fileEncoding = 4; lastKnownFileType = sourcecode.swift; path = BaseViewController.swift; sourceTree = "<group>"; };
		97FA120B1E04439700ED5493 /* ResultViewController.swift */ = {isa = PBXFileReference; fileEncoding = 4; lastKnownFileType = sourcecode.swift; path = ResultViewController.swift; sourceTree = "<group>"; };
		97FA120D1E0446C000ED5493 /* LeaderboardViewController.swift */ = {isa = PBXFileReference; fileEncoding = 4; lastKnownFileType = sourcecode.swift; path = LeaderboardViewController.swift; sourceTree = "<group>"; };
		97FB00C11E0533EF00D2F4B3 /* DataManager.swift */ = {isa = PBXFileReference; fileEncoding = 4; lastKnownFileType = sourcecode.swift; path = DataManager.swift; sourceTree = "<group>"; };
		97FB00C51E053A0700D2F4B3 /* Family.swift */ = {isa = PBXFileReference; fileEncoding = 4; lastKnownFileType = sourcecode.swift; path = Family.swift; sourceTree = "<group>"; };
/* End PBXFileReference section */

/* Begin PBXFrameworksBuildPhase section */
		97C885F31E033CAE00B9C895 /* Frameworks */ = {
			isa = PBXFrameworksBuildPhase;
			buildActionMask = 2147483647;
			files = (
				89E00891D3C20924EECCBC77 /* Pods_Botanito.framework in Frameworks */,
			);
			runOnlyForDeploymentPostprocessing = 0;
		};
/* End PBXFrameworksBuildPhase section */

/* Begin PBXGroup section */
		70822C131506FC5C21F4A3C9 /* Pods */ = {
			isa = PBXGroup;
			children = (
				38C12B3ECC5B7C15AE1501DD /* Pods-Botanito.debug.xcconfig */,
				5178BD676CB0F8CCD05CD8FB /* Pods-Botanito.release.xcconfig */,
			);
			name = Pods;
			sourceTree = "<group>";
		};
		975BE4CD1E0341EE006FA9EB /* resources */ = {
			isa = PBXGroup;
			children = (
				975BE4CE1E0341EE006FA9EB /* Assets.xcassets */,
			);
			path = resources;
			sourceTree = "<group>";
		};
		975BE4CF1E0341EE006FA9EB /* src */ = {
			isa = PBXGroup;
			children = (
				975BE4D01E0341EE006FA9EB /* AppDelegate.swift */,
				575B05D81E041CA80098828A /* Main.storyboard */,
				97FB00C31E0539FE00D2F4B3 /* data */,
				97FB00C01E0533D700D2F4B3 /* manager */,
				975BE4D11E0341EE006FA9EB /* screen */,
				976DE3881E073B090061241E /* util */,
			);
			path = src;
			sourceTree = "<group>";
		};
		975BE4D11E0341EE006FA9EB /* screen */ = {
			isa = PBXGroup;
			children = (
				97C939961E055B1200876413 /* LaunchViewController.swift */,
				97FA12091E04406500ED5493 /* BaseViewController.swift */,
				975BE4D61E0341EE006FA9EB /* MainViewController.swift */,
				97FA12031E0438C000ED5493 /* MenuViewController.swift */,
				97C939981E055CCB00876413 /* FormulaMenuViewController.swift */,
				97FA12071E043C1400ED5493 /* FormulaViewController.swift */,
				97FA120B1E04439700ED5493 /* ResultViewController.swift */,
				97FA120D1E0446C000ED5493 /* LeaderboardViewController.swift */,
			);
			path = screen;
			sourceTree = "<group>";
		};
		975BE4D71E0341EE006FA9EB /* supported */ = {
			isa = PBXGroup;
			children = (
				575B05D61E041AD60098828A /* GoogleService-Info.plist */,
				975BE4E21E034358006FA9EB /* GoogleKey */,
				975BE4D91E0341EE006FA9EB /* Info.plist */,
			);
			path = supported;
			sourceTree = "<group>";
		};
		976DE3881E073B090061241E /* util */ = {
			isa = PBXGroup;
			children = (
				976DE3891E073B140061241E /* UIImage+util.swift */,
			);
			path = util;
			sourceTree = "<group>";
		};
		97C885ED1E033CAE00B9C895 = {
			isa = PBXGroup;
			children = (
				97C885F81E033CAE00B9C895 /* Botanito */,
				97C885F71E033CAE00B9C895 /* Products */,
				70822C131506FC5C21F4A3C9 /* Pods */,
				DB17BF9A63DC2ACC2F0FEED6 /* Frameworks */,
			);
			sourceTree = "<group>";
		};
		97C885F71E033CAE00B9C895 /* Products */ = {
			isa = PBXGroup;
			children = (
				97C885F61E033CAE00B9C895 /* Botanito.app */,
			);
			name = Products;
			sourceTree = "<group>";
		};
		97C885F81E033CAE00B9C895 /* Botanito */ = {
			isa = PBXGroup;
			children = (
				9758C71F1E0345AD00EF7864 /* Botanito.entitlements */,
				575B05CF1E0414F50098828A /* LaunchScreen.storyboard */,
				975BE4CD1E0341EE006FA9EB /* resources */,
				975BE4CF1E0341EE006FA9EB /* src */,
				975BE4D71E0341EE006FA9EB /* supported */,
			);
			path = Botanito;
			sourceTree = "<group>";
		};
		97FB00C01E0533D700D2F4B3 /* manager */ = {
			isa = PBXGroup;
			children = (
				97FB00C11E0533EF00D2F4B3 /* DataManager.swift */,
			);
			path = manager;
			sourceTree = "<group>";
		};
		97FB00C31E0539FE00D2F4B3 /* data */ = {
			isa = PBXGroup;
			children = (
				97FB00C41E0539FE00D2F4B3 /* model */,
			);
			path = data;
			sourceTree = "<group>";
		};
		97FB00C41E0539FE00D2F4B3 /* model */ = {
			isa = PBXGroup;
			children = (
				97FB00C51E053A0700D2F4B3 /* Family.swift */,
				971513891E055F3200CEB39D /* FormulaQuestion.swift */,
				976DE3861E072CC40061241E /* Challenge.swift */,
			);
			path = model;
			sourceTree = "<group>";
		};
		DB17BF9A63DC2ACC2F0FEED6 /* Frameworks */ = {
			isa = PBXGroup;
			children = (
				8B8D0C22338AD81C8CF32E0D /* Pods_Botanito.framework */,
			);
			name = Frameworks;
			sourceTree = "<group>";
		};
/* End PBXGroup section */

/* Begin PBXNativeTarget section */
		97C885F51E033CAE00B9C895 /* Botanito */ = {
			isa = PBXNativeTarget;
			buildConfigurationList = 97C886081E033CAE00B9C895 /* Build configuration list for PBXNativeTarget "Botanito" */;
			buildPhases = (
				A7F412C69A49481728F8C870 /* [CP] Check Pods Manifest.lock */,
				97C885F21E033CAE00B9C895 /* Sources */,
				97C885F31E033CAE00B9C895 /* Frameworks */,
				97C885F41E033CAE00B9C895 /* Resources */,
				0B81511A9DD4ABDDBDA54F83 /* [CP] Embed Pods Frameworks */,
				37EC321793ED99A6CAD14A27 /* [CP] Copy Pods Resources */,
				975BE4E11E0342FB006FA9EB /* FireBase dSym */,
			);
			buildRules = (
			);
			dependencies = (
			);
			name = Botanito;
			productName = Botanito;
			productReference = 97C885F61E033CAE00B9C895 /* Botanito.app */;
			productType = "com.apple.product-type.application";
		};
/* End PBXNativeTarget section */

/* Begin PBXProject section */
		97C885EE1E033CAE00B9C895 /* Project object */ = {
			isa = PBXProject;
			attributes = {
				LastSwiftUpdateCheck = 0810;
				LastUpgradeCheck = 0810;
				ORGANIZATIONNAME = "Alex Motor";
				TargetAttributes = {
					97C885F51E033CAE00B9C895 = {
						CreatedOnToolsVersion = 8.1;
						DevelopmentTeam = 7HM24R77UV;
						ProvisioningStyle = Automatic;
						SystemCapabilities = {
							com.apple.Keychain = {
								enabled = 1;
							};
						};
					};
				};
			};
			buildConfigurationList = 97C885F11E033CAE00B9C895 /* Build configuration list for PBXProject "Botanito" */;
			compatibilityVersion = "Xcode 3.2";
			developmentRegion = English;
			hasScannedForEncodings = 0;
			knownRegions = (
				en,
				Base,
			);
			mainGroup = 97C885ED1E033CAE00B9C895;
			productRefGroup = 97C885F71E033CAE00B9C895 /* Products */;
			projectDirPath = "";
			projectRoot = "";
			targets = (
				97C885F51E033CAE00B9C895 /* Botanito */,
			);
		};
/* End PBXProject section */

/* Begin PBXResourcesBuildPhase section */
		97C885F41E033CAE00B9C895 /* Resources */ = {
			isa = PBXResourcesBuildPhase;
			buildActionMask = 2147483647;
			files = (
				975BE4E31E034358006FA9EB /* GoogleKey in Resources */,
				575B05DA1E041CA80098828A /* Main.storyboard in Resources */,
				575B05D71E041AD60098828A /* GoogleService-Info.plist in Resources */,
				575B05D11E0414F50098828A /* LaunchScreen.storyboard in Resources */,
				975BE4DA1E0341EE006FA9EB /* Assets.xcassets in Resources */,
			);
			runOnlyForDeploymentPostprocessing = 0;
		};
/* End PBXResourcesBuildPhase section */

/* Begin PBXShellScriptBuildPhase section */
		0B81511A9DD4ABDDBDA54F83 /* [CP] Embed Pods Frameworks */ = {
			isa = PBXShellScriptBuildPhase;
			buildActionMask = 2147483647;
			files = (
			);
			inputPaths = (
			);
			name = "[CP] Embed Pods Frameworks";
			outputPaths = (
			);
			runOnlyForDeploymentPostprocessing = 0;
			shellPath = /bin/sh;
			shellScript = "\"${SRCROOT}/Pods/Target Support Files/Pods-Botanito/Pods-Botanito-frameworks.sh\"\n";
			showEnvVarsInLog = 0;
		};
		37EC321793ED99A6CAD14A27 /* [CP] Copy Pods Resources */ = {
			isa = PBXShellScriptBuildPhase;
			buildActionMask = 2147483647;
			files = (
			);
			inputPaths = (
			);
			name = "[CP] Copy Pods Resources";
			outputPaths = (
			);
			runOnlyForDeploymentPostprocessing = 0;
			shellPath = /bin/sh;
			shellScript = "\"${SRCROOT}/Pods/Target Support Files/Pods-Botanito/Pods-Botanito-resources.sh\"\n";
			showEnvVarsInLog = 0;
		};
		975BE4E11E0342FB006FA9EB /* FireBase dSym */ = {
			isa = PBXShellScriptBuildPhase;
			buildActionMask = 2147483647;
			files = (
			);
			inputPaths = (
			);
			name = "FireBase dSym";
			outputPaths = (
			);
			runOnlyForDeploymentPostprocessing = 0;
			shellPath = /bin/sh;
			shellScript = "exit;\nGOOGLE_APP_ID=1:785115476344:ios:02873d282729f366\n\"${PODS_ROOT}\"/FirebaseCrash/upload-sym \"${SRCROOT}/Botanito/supported/GoogleKey\"";
		};
		A7F412C69A49481728F8C870 /* [CP] Check Pods Manifest.lock */ = {
			isa = PBXShellScriptBuildPhase;
			buildActionMask = 2147483647;
			files = (
			);
			inputPaths = (
			);
			name = "[CP] Check Pods Manifest.lock";
			outputPaths = (
			);
			runOnlyForDeploymentPostprocessing = 0;
			shellPath = /bin/sh;
			shellScript = "diff \"${PODS_ROOT}/../Podfile.lock\" \"${PODS_ROOT}/Manifest.lock\" > /dev/null\nif [ $? != 0 ] ; then\n    # print error to STDERR\n    echo \"error: The sandbox is not in sync with the Podfile.lock. Run 'pod install' or update your CocoaPods installation.\" >&2\n    exit 1\nfi\n";
			showEnvVarsInLog = 0;
		};
/* End PBXShellScriptBuildPhase section */

/* Begin PBXSourcesBuildPhase section */
		97C885F21E033CAE00B9C895 /* Sources */ = {
			isa = PBXSourcesBuildPhase;
			buildActionMask = 2147483647;
			files = (
				97FA120E1E0446C000ED5493 /* LeaderboardViewController.swift in Sources */,
				976DE3871E072CC40061241E /* Challenge.swift in Sources */,
				97C939971E055B1200876413 /* LaunchViewController.swift in Sources */,
				9715138A1E055F3200CEB39D /* FormulaQuestion.swift in Sources */,
				97FB00C21E0533EF00D2F4B3 /* DataManager.swift in Sources */,
				976DE38A1E073B140061241E /* UIImage+util.swift in Sources */,
				97FB00C61E053A0700D2F4B3 /* Family.swift in Sources */,
				97FA120A1E04406500ED5493 /* BaseViewController.swift in Sources */,
				975BE4DE1E0341EE006FA9EB /* MainViewController.swift in Sources */,
				97FA12081E043C1400ED5493 /* FormulaViewController.swift in Sources */,
				97FA12041E0438C000ED5493 /* MenuViewController.swift in Sources */,
				975BE4DB1E0341EE006FA9EB /* AppDelegate.swift in Sources */,
				97FA120C1E04439700ED5493 /* ResultViewController.swift in Sources */,
				97C939991E055CCB00876413 /* FormulaMenuViewController.swift in Sources */,
			);
			runOnlyForDeploymentPostprocessing = 0;
		};
/* End PBXSourcesBuildPhase section */

/* Begin PBXVariantGroup section */
		575B05CF1E0414F50098828A /* LaunchScreen.storyboard */ = {
			isa = PBXVariantGroup;
			children = (
				575B05D01E0414F50098828A /* Base */,
			);
			name = LaunchScreen.storyboard;
			sourceTree = "<group>";
		};
		575B05D81E041CA80098828A /* Main.storyboard */ = {
			isa = PBXVariantGroup;
			children = (
				575B05D91E041CA80098828A /* Base */,
			);
			name = Main.storyboard;
			sourceTree = "<group>";
		};
/* End PBXVariantGroup section */

/* Begin XCBuildConfiguration section */
		97C886061E033CAE00B9C895 /* Debug */ = {
			isa = XCBuildConfiguration;
			buildSettings = {
				ALWAYS_SEARCH_USER_PATHS = NO;
				CLANG_ANALYZER_NONNULL = YES;
				CLANG_CXX_LANGUAGE_STANDARD = "gnu++0x";
				CLANG_CXX_LIBRARY = "libc++";
				CLANG_ENABLE_MODULES = YES;
				CLANG_ENABLE_OBJC_ARC = YES;
				CLANG_WARN_BOOL_CONVERSION = YES;
				CLANG_WARN_CONSTANT_CONVERSION = YES;
				CLANG_WARN_DIRECT_OBJC_ISA_USAGE = YES_ERROR;
				CLANG_WARN_DOCUMENTATION_COMMENTS = YES;
				CLANG_WARN_EMPTY_BODY = YES;
				CLANG_WARN_ENUM_CONVERSION = YES;
				CLANG_WARN_INFINITE_RECURSION = YES;
				CLANG_WARN_INT_CONVERSION = YES;
				CLANG_WARN_OBJC_ROOT_CLASS = YES_ERROR;
				CLANG_WARN_SUSPICIOUS_MOVE = YES;
				CLANG_WARN_SUSPICIOUS_MOVES = YES;
				CLANG_WARN_UNREACHABLE_CODE = YES;
				CLANG_WARN__DUPLICATE_METHOD_MATCH = YES;
				"CODE_SIGN_IDENTITY[sdk=iphoneos*]" = "iPhone Developer";
				COPY_PHASE_STRIP = NO;
				DEBUG_INFORMATION_FORMAT = dwarf;
				ENABLE_STRICT_OBJC_MSGSEND = YES;
				ENABLE_TESTABILITY = YES;
				GCC_C_LANGUAGE_STANDARD = gnu99;
				GCC_DYNAMIC_NO_PIC = NO;
				GCC_NO_COMMON_BLOCKS = YES;
				GCC_OPTIMIZATION_LEVEL = 0;
				GCC_PREPROCESSOR_DEFINITIONS = (
					"DEBUG=1",
					"$(inherited)",
				);
				GCC_WARN_64_TO_32_BIT_CONVERSION = YES;
				GCC_WARN_ABOUT_RETURN_TYPE = YES_ERROR;
				GCC_WARN_UNDECLARED_SELECTOR = YES;
				GCC_WARN_UNINITIALIZED_AUTOS = YES_AGGRESSIVE;
				GCC_WARN_UNUSED_FUNCTION = YES;
				GCC_WARN_UNUSED_VARIABLE = YES;
				IPHONEOS_DEPLOYMENT_TARGET = 10.1;
				MTL_ENABLE_DEBUG_INFO = YES;
				ONLY_ACTIVE_ARCH = YES;
				SDKROOT = iphoneos;
				SWIFT_ACTIVE_COMPILATION_CONDITIONS = DEBUG;
				SWIFT_OPTIMIZATION_LEVEL = "-Onone";
				TARGETED_DEVICE_FAMILY = "1,2";
			};
			name = Debug;
		};
		97C886071E033CAE00B9C895 /* Release */ = {
			isa = XCBuildConfiguration;
			buildSettings = {
				ALWAYS_SEARCH_USER_PATHS = NO;
				CLANG_ANALYZER_NONNULL = YES;
				CLANG_CXX_LANGUAGE_STANDARD = "gnu++0x";
				CLANG_CXX_LIBRARY = "libc++";
				CLANG_ENABLE_MODULES = YES;
				CLANG_ENABLE_OBJC_ARC = YES;
				CLANG_WARN_BOOL_CONVERSION = YES;
				CLANG_WARN_CONSTANT_CONVERSION = YES;
				CLANG_WARN_DIRECT_OBJC_ISA_USAGE = YES_ERROR;
				CLANG_WARN_DOCUMENTATION_COMMENTS = YES;
				CLANG_WARN_EMPTY_BODY = YES;
				CLANG_WARN_ENUM_CONVERSION = YES;
				CLANG_WARN_INFINITE_RECURSION = YES;
				CLANG_WARN_INT_CONVERSION = YES;
				CLANG_WARN_OBJC_ROOT_CLASS = YES_ERROR;
				CLANG_WARN_SUSPICIOUS_MOVE = YES;
				CLANG_WARN_SUSPICIOUS_MOVES = YES;
				CLANG_WARN_UNREACHABLE_CODE = YES;
				CLANG_WARN__DUPLICATE_METHOD_MATCH = YES;
				"CODE_SIGN_IDENTITY[sdk=iphoneos*]" = "iPhone Developer";
				COPY_PHASE_STRIP = NO;
				DEBUG_INFORMATION_FORMAT = "dwarf-with-dsym";
				ENABLE_NS_ASSERTIONS = NO;
				ENABLE_STRICT_OBJC_MSGSEND = YES;
				GCC_C_LANGUAGE_STANDARD = gnu99;
				GCC_NO_COMMON_BLOCKS = YES;
				GCC_WARN_64_TO_32_BIT_CONVERSION = YES;
				GCC_WARN_ABOUT_RETURN_TYPE = YES_ERROR;
				GCC_WARN_UNDECLARED_SELECTOR = YES;
				GCC_WARN_UNINITIALIZED_AUTOS = YES_AGGRESSIVE;
				GCC_WARN_UNUSED_FUNCTION = YES;
				GCC_WARN_UNUSED_VARIABLE = YES;
				IPHONEOS_DEPLOYMENT_TARGET = 10.1;
				MTL_ENABLE_DEBUG_INFO = NO;
				SDKROOT = iphoneos;
				SWIFT_OPTIMIZATION_LEVEL = "-Owholemodule";
				TARGETED_DEVICE_FAMILY = "1,2";
				VALIDATE_PRODUCT = YES;
			};
			name = Release;
		};
		97C886091E033CAE00B9C895 /* Debug */ = {
			isa = XCBuildConfiguration;
			baseConfigurationReference = 38C12B3ECC5B7C15AE1501DD /* Pods-Botanito.debug.xcconfig */;
			buildSettings = {
				ASSETCATALOG_COMPILER_APPICON_NAME = AppIcon;
				CODE_SIGN_ENTITLEMENTS = Botanito/Botanito.entitlements;
				"CODE_SIGN_IDENTITY[sdk=iphoneos*]" = "iPhone Developer";
				DEVELOPMENT_TEAM = 7HM24R77UV;
				INFOPLIST_FILE = "$(SRCROOT)/Botanito/supported/Info.plist";
				IPHONEOS_DEPLOYMENT_TARGET = 9.0;
				LD_RUNPATH_SEARCH_PATHS = "$(inherited) @executable_path/Frameworks";
				PRODUCT_BUNDLE_IDENTIFIER = com.mao.Botanito;
				PRODUCT_NAME = "$(TARGET_NAME)";
				SWIFT_VERSION = 3.0;
				TARGETED_DEVICE_FAMILY = 2;
			};
			name = Debug;
		};
		97C8860A1E033CAE00B9C895 /* Release */ = {
			isa = XCBuildConfiguration;
			baseConfigurationReference = 5178BD676CB0F8CCD05CD8FB /* Pods-Botanito.release.xcconfig */;
			buildSettings = {
				ASSETCATALOG_COMPILER_APPICON_NAME = AppIcon;
				CODE_SIGN_ENTITLEMENTS = Botanito/Botanito.entitlements;
				"CODE_SIGN_IDENTITY[sdk=iphoneos*]" = "iPhone Developer";
				DEVELOPMENT_TEAM = 7HM24R77UV;
				INFOPLIST_FILE = "$(SRCROOT)/Botanito/supported/Info.plist";
				IPHONEOS_DEPLOYMENT_TARGET = 9.0;
				LD_RUNPATH_SEARCH_PATHS = "$(inherited) @executable_path/Frameworks";
				PRODUCT_BUNDLE_IDENTIFIER = com.mao.Botanito;
				PRODUCT_NAME = "$(TARGET_NAME)";
				SWIFT_VERSION = 3.0;
				TARGETED_DEVICE_FAMILY = 2;
			};
			name = Release;
		};
/* End XCBuildConfiguration section */

/* Begin XCConfigurationList section */
		97C885F11E033CAE00B9C895 /* Build configuration list for PBXProject "Botanito" */ = {
			isa = XCConfigurationList;
			buildConfigurations = (
				97C886061E033CAE00B9C895 /* Debug */,
				97C886071E033CAE00B9C895 /* Release */,
			);
			defaultConfigurationIsVisible = 0;
			defaultConfigurationName = Release;
		};
		97C886081E033CAE00B9C895 /* Build configuration list for PBXNativeTarget "Botanito" */ = {
			isa = XCConfigurationList;
			buildConfigurations = (
				97C886091E033CAE00B9C895 /* Debug */,
				97C8860A1E033CAE00B9C895 /* Release */,
			);
			defaultConfigurationIsVisible = 0;
			defaultConfigurationName = Release;
		};
/* End XCConfigurationList section */
	};
	rootObject = 97C885EE1E033CAE00B9C895 /* Project object */;
}
